
Microsoft Visual Studio Solution File, Format Version 12.00
# Visual Studio Version 16
VisualStudioVersion = 16.0.31729.503
MinimumVisualStudioVersion = 10.0.40219.1
Project("{FAE04EC0-301F-11D3-BF4B-00C04F79EFBC}") = "PDF_Resume_Creator", "PDF_Resume_Creator.csproj", "{2E3BE8E5-FE8E-4884-B2CE-9F5B7DB1F77F}"
EndProject
Global
	GlobalSection(SolutionConfigurationPlatforms) = preSolution
		Debug|Any CPU = Debug|Any CPU
		Release|Any CPU = Release|Any CPU
	EndGlobalSection
	GlobalSection(ProjectConfigurationPlatforms) = postSolution
		{2E3BE8E5-FE8E-4884-B2CE-9F5B7DB1F77F}.Debug|Any CPU.ActiveCfg = Debug|Any CPU
		{2E3BE8E5-FE8E-4884-B2CE-9F5B7DB1F77F}.Debug|Any CPU.Build.0 = Debug|Any CPU
		{2E3BE8E5-FE8E-4884-B2CE-9F5B7DB1F77F}.Release|Any CPU.ActiveCfg = Release|Any CPU
		{2E3BE8E5-FE8E-4884-B2CE-9F5B7DB1F77F}.Release|Any CPU.Build.0 = Release|Any CPU
	EndGlobalSection
	GlobalSection(SolutionProperties) = preSolution
		HideSolutionNode = FALSE
	EndGlobalSection
	GlobalSection(ExtensibilityGlobals) = postSolution
		SolutionGuid = {5528FCFE-A5ED-4BC2-98B3-0B23E990F9C1}
	EndGlobalSection
EndGlobal
